<?xml version="1.0" encoding="utf-8"?>
<Project ToolsVersion="4.0" xmlns="http://schemas.microsoft.com/developer/msbuild/2003">
  <ItemGroup>
    <Filter Include="资源文件">
      <UniqueIdentifier>{67DA6AB6-F800-4c08-8B7A-83BB121AAD01}</UniqueIdentifier>
      <Extensions>rc;ico;cur;bmp;dlg;rc2;rct;bin;rgs;gif;jpg;jpeg;jpe;resx;tiff;tif;png;wav;mfcribbon-ms</Extensions>
    </Filter>
    <Filter Include="头文件和源文件">
      <UniqueIdentifier>{4FC737F1-C7A5-4376-A066-2A32D752A2FF}</UniqueIdentifier>
      <Extensions>cpp;c;cc;cxx;def;odl;idl;hpj;bat;asm;asmx</Extensions>
    </Filter>
    <Filter Include="头文件和源文件\头文件">
      <UniqueIdentifier>{93995380-89BD-4b04-88EB-625FBE52EBFB}</UniqueIdentifier>
      <Extensions>h;hh;hpp;hxx;hm;inl;inc;xsd</Extensions>
    </Filter>
    <Filter Include="头文件和源文件\TrafficMonitorSkinEditorDlg">
      <UniqueIdentifier>{86737837-5cc8-4cf9-b8dc-60a9ff5a2490}</UniqueIdentifier>
    </Filter>
    <Filter Include="头文件和源文件\TrafficMonitorSkinEditor">
      <UniqueIdentifier>{c4cc0d6e-f333-4ccc-b900-588587563f0c}</UniqueIdentifier>
    </Filter>
    <Filter Include="头文件和源文件\公共的类">
      <UniqueIdentifier>{d478c29e-c1d7-4608-8396-cc07d8e8490a}</UniqueIdentifier>
    </Filter>
    <Filter Include="头文件和源文件\派生的控件类">
      <UniqueIdentifier>{8f007b90-e8f3-484e-b415-1b6cc515b610}</UniqueIdentifier>
    </Filter>
    <Filter Include="头文件和源文件\派生的控件类\ColorStatic">
      <UniqueIdentifier>{23335af8-4e21-4b3b-afbc-749b5ef4605f}</UniqueIdentifier>
    </Filter>
    <Filter Include="头文件和源文件\stdafx">
      <UniqueIdentifier>{b330f009-cff1-4161-8e46-d2f142e418e4}</UniqueIdentifier>
    </Filter>
    <Filter Include="头文件和源文件\公共的类\Common">
      <UniqueIdentifier>{b8fce1f1-4852-48f0-b6ce-c2fcf33c7fba}</UniqueIdentifier>
    </Filter>
    <Filter Include="头文件和源文件\公共的类\SkinEditorHelper">
      <UniqueIdentifier>{ee27f31c-a270-468c-8575-0683719cf0b3}</UniqueIdentifier>
    </Filter>
    <Filter Include="头文件和源文件\公共的类\IniHelper">
      <UniqueIdentifier>{7130f3c3-1f2e-489b-a02d-9896a568e052}</UniqueIdentifier>
    </Filter>
    <Filter Include="头文件和源文件\DrawScrollView">
      <UniqueIdentifier>{77c7b276-29d0-4242-adea-28930f4157a0}</UniqueIdentifier>
    </Filter>
    <Filter Include="头文件和源文件\派生的控件类\SpinEdit">
      <UniqueIdentifier>{8487b796-4b3a-4b78-9182-e38d309c0659}</UniqueIdentifier>
    </Filter>
    <Filter Include="头文件和源文件\公共的类\DrawCommon">
      <UniqueIdentifier>{dd0d49b9-8444-4296-85f6-7ade6c308f9e}</UniqueIdentifier>
    </Filter>
  </ItemGroup>
  <ItemGroup>
    <Text Include="ReadMe.txt" />
  </ItemGroup>
  <ItemGroup>
    <ClInclude Include="targetver.h">
      <Filter>头文件和源文件\头文件</Filter>
    </ClInclude>
    <ClInclude Include="Resource.h">
      <Filter>头文件和源文件\头文件</Filter>
    </ClInclude>
    <ClInclude Include="TrafficMonitorSkinEditor.h">
      <Filter>头文件和源文件\TrafficMonitorSkinEditor</Filter>
    </ClInclude>
    <ClInclude Include="ColorStatic.h">
      <Filter>头文件和源文件\派生的控件类\ColorStatic</Filter>
    </ClInclude>
    <ClInclude Include="stdafx.h">
      <Filter>头文件和源文件\stdafx</Filter>
    </ClInclude>
    <ClInclude Include="TrafficMonitorSkinEditorDlg.h">
      <Filter>头文件和源文件\TrafficMonitorSkinEditorDlg</Filter>
    </ClInclude>
    <ClInclude Include="Common.h">
      <Filter>头文件和源文件\公共的类\Common</Filter>
    </ClInclude>
    <ClInclude Include="SkinEditorHelper.h">
      <Filter>头文件和源文件\公共的类\SkinEditorHelper</Filter>
    </ClInclude>
    <ClInclude Include="IniHelper.h">
      <Filter>头文件和源文件\公共的类\IniHelper</Filter>
    </ClInclude>
    <ClInclude Include="DrawScrollView.h">
      <Filter>头文件和源文件\DrawScrollView</Filter>
    </ClInclude>
    <ClInclude Include="SpinEdit.h">
      <Filter>头文件和源文件\派生的控件类\SpinEdit</Filter>
    </ClInclude>
    <ClInclude Include="DrawCommon.h">
      <Filter>头文件和源文件\公共的类\DrawCommon</Filter>
    </ClInclude>
  </ItemGroup>
  <ItemGroup>
    <ClCompile Include="TrafficMonitorSkinEditorDlg.cpp">
      <Filter>头文件和源文件\TrafficMonitorSkinEditorDlg</Filter>
    </ClCompile>
    <ClCompile Include="ColorStatic.cpp">
      <Filter>头文件和源文件\派生的控件类\ColorStatic</Filter>
    </ClCompile>
    <ClCompile Include="stdafx.cpp">
      <Filter>头文件和源文件\stdafx</Filter>
    </ClCompile>
    <ClCompile Include="TrafficMonitorSkinEditor.cpp">
      <Filter>头文件和源文件\TrafficMonitorSkinEditor</Filter>
    </ClCompile>
    <ClCompile Include="Common.cpp">
      <Filter>头文件和源文件\公共的类\Common</Filter>
    </ClCompile>
    <ClCompile Include="SkinEditorHelper.cpp">
      <Filter>头文件和源文件\公共的类\SkinEditorHelper</Filter>
    </ClCompile>
    <ClCompile Include="IniHelper.cpp">
      <Filter>头文件和源文件\公共的类\IniHelper</Filter>
    </ClCompile>
    <ClCompile Include="DrawScrollView.cpp">
      <Filter>头文件和源文件\DrawScrollView</Filter>
    </ClCompile>
    <ClCompile Include="SpinEdit.cpp">
      <Filter>头文件和源文件\派生的控件类\SpinEdit</Filter>
    </ClCompile>
    <ClCompile Include="DrawCommon.cpp">
      <Filter>头文件和源文件\公共的类\DrawCommon</Filter>
    </ClCompile>
  </ItemGroup>
  <ItemGroup>
    <ResourceCompile Include="TrafficMonitorSkinEditor.rc">
      <Filter>资源文件</Filter>
    </ResourceCompile>
  </ItemGroup>
  <ItemGroup>
    <None Include="res\TrafficMonitorSkinEditor.rc2">
      <Filter>资源文件</Filter>
    </None>
  </ItemGroup>
  <ItemGroup>
    <Image Include="res\TrafficMonitorSkinEditor.ico">
      <Filter>资源文件</Filter>
    </Image>
  </ItemGroup>
</Project>