<?xml version="1.0" encoding="utf-8"?>
<Project ToolsVersion="4.0" xmlns="http://schemas.microsoft.com/developer/msbuild/2003">
  <ItemGroup>
    <Filter Include="源文件">
      <UniqueIdentifier>{4FC737F1-C7A5-4376-A066-2A32D752A2FF}</UniqueIdentifier>
      <Extensions>cpp;c;cc;cxx;c++;cppm;ixx;def;odl;idl;hpj;bat;asm;asmx</Extensions>
    </Filter>
    <Filter Include="头文件">
      <UniqueIdentifier>{93995380-89BD-4b04-88EB-625FBE52EBFB}</UniqueIdentifier>
      <Extensions>h;hh;hpp;hxx;h++;hm;inl;inc;ipp;xsd</Extensions>
    </Filter>
    <Filter Include="资源文件">
      <UniqueIdentifier>{67DA6AB6-F800-4c08-8B7A-83BB121AAD01}</UniqueIdentifier>
      <Extensions>rc;ico;cur;bmp;dlg;rc2;rct;bin;rgs;gif;jpg;jpeg;jpe;resx;tiff;tif;png;wav;mfcribbon-ms</Extensions>
    </Filter>
    <Filter Include="DrawScrollView">
      <UniqueIdentifier>{112fc82a-10c0-4164-918b-8de387792532}</UniqueIdentifier>
    </Filter>
    <Filter Include="SkinFile">
      <UniqueIdentifier>{119654e4-2b6f-4517-ab54-48b3ee932683}</UniqueIdentifier>
    </Filter>
    <Filter Include="TinyXml2Helper">
      <UniqueIdentifier>{4b04a8bf-accf-400c-8956-3d56ed0aa634}</UniqueIdentifier>
    </Filter>
    <Filter Include="tinyxml2">
      <UniqueIdentifier>{633cb111-e2f6-43be-8bf5-07e525468346}</UniqueIdentifier>
    </Filter>
    <Filter Include="Editor">
      <UniqueIdentifier>{084bd237-7bbf-4cef-bc0d-a7d9f694c16d}</UniqueIdentifier>
    </Filter>
    <Filter Include="Editor\ScintillaEditView">
      <UniqueIdentifier>{44a39311-8a9a-4272-9757-39efd76a3ecb}</UniqueIdentifier>
    </Filter>
    <Filter Include="Editor\xmlMatchedTagsHighlighter">
      <UniqueIdentifier>{ba63ae7c-30a9-4758-903e-f83eeab6f705}</UniqueIdentifier>
    </Filter>
    <Filter Include="Editor\EditorHelper">
      <UniqueIdentifier>{ace00d38-0151-434a-ba18-f614f5c5cdc7}</UniqueIdentifier>
    </Filter>
  </ItemGroup>
  <ItemGroup>
    <ClInclude Include="TrafficMonitorSkinEditor2.h">
      <Filter>头文件</Filter>
    </ClInclude>
    <ClInclude Include="TrafficMonitorSkinEditor2Dlg.h">
      <Filter>头文件</Filter>
    </ClInclude>
    <ClInclude Include="framework.h">
      <Filter>头文件</Filter>
    </ClInclude>
    <ClInclude Include="targetver.h">
      <Filter>头文件</Filter>
    </ClInclude>
    <ClInclude Include="Resource.h">
      <Filter>头文件</Filter>
    </ClInclude>
    <ClInclude Include="pch.h">
      <Filter>头文件</Filter>
    </ClInclude>
    <ClInclude Include="DrawScrollView.h">
      <Filter>DrawScrollView</Filter>
    </ClInclude>
    <ClInclude Include="SkinFile.h">
      <Filter>SkinFile</Filter>
    </ClInclude>
    <ClInclude Include="TinyXml2Helper.h">
      <Filter>TinyXml2Helper</Filter>
    </ClInclude>
    <ClInclude Include="ScintillaEditView.h">
      <Filter>Editor\ScintillaEditView</Filter>
    </ClInclude>
    <ClInclude Include="tinyxml2\tinyxml2.h">
      <Filter>tinyxml2</Filter>
    </ClInclude>
    <ClInclude Include="xmlMatchedTagsHighlighter\xmlMatchedTagsHighlighter.h">
      <Filter>Editor\xmlMatchedTagsHighlighter</Filter>
    </ClInclude>
    <ClInclude Include="EditorHelper.h">
      <Filter>Editor\EditorHelper</Filter>
    </ClInclude>
    <ClInclude Include="define.h">
      <Filter>头文件</Filter>
    </ClInclude>
    <ClInclude Include="AboutDlg.h">
      <Filter>头文件</Filter>
    </ClInclude>
  </ItemGroup>
  <ItemGroup>
    <ClCompile Include="TrafficMonitorSkinEditor2.cpp">
      <Filter>源文件</Filter>
    </ClCompile>
    <ClCompile Include="TrafficMonitorSkinEditor2Dlg.cpp">
      <Filter>源文件</Filter>
    </ClCompile>
    <ClCompile Include="pch.cpp">
      <Filter>源文件</Filter>
    </ClCompile>
    <ClCompile Include="DrawScrollView.cpp">
      <Filter>DrawScrollView</Filter>
    </ClCompile>
    <ClCompile Include="SkinFile.cpp">
      <Filter>SkinFile</Filter>
    </ClCompile>
    <ClCompile Include="TinyXml2Helper.cpp">
      <Filter>TinyXml2Helper</Filter>
    </ClCompile>
    <ClCompile Include="ScintillaEditView.cpp">
      <Filter>Editor\ScintillaEditView</Filter>
    </ClCompile>
    <ClCompile Include="tinyxml2\tinyxml2.cpp">
      <Filter>tinyxml2</Filter>
    </ClCompile>
    <ClCompile Include="xmlMatchedTagsHighlighter\xmlMatchedTagsHighlighter.cpp">
      <Filter>Editor\xmlMatchedTagsHighlighter</Filter>
    </ClCompile>
    <ClCompile Include="EditorHelper.cpp">
      <Filter>Editor\EditorHelper</Filter>
    </ClCompile>
    <ClCompile Include="AboutDlg.cpp">
      <Filter>源文件</Filter>
    </ClCompile>
  </ItemGroup>
  <ItemGroup>
    <ResourceCompile Include="TrafficMonitorSkinEditor2.rc">
      <Filter>资源文件</Filter>
    </ResourceCompile>
  </ItemGroup>
  <ItemGroup>
    <None Include="res\TrafficMonitorSkinEditor2.rc2">
      <Filter>资源文件</Filter>
    </None>
  </ItemGroup>
  <ItemGroup>
    <Image Include="res\TrafficMonitorSkinEditor2.ico">
      <Filter>资源文件</Filter>
    </Image>
  </ItemGroup>
</Project>